
Microsoft Visual Studio Solution File, Format Version 12.00
# Visual Studio Version 16
VisualStudioVersion = 16.0.30330.147
MinimumVisualStudioVersion = 10.0.40219.1
Project("{8BC9CEB8-8B4A-11D0-8D11-00A0C91BC942}") = "Hash_Table_LP", "Hash_Table_LP\Hash_Table_LP.vcxproj", "{7F332C8A-3E7C-4CFC-B152-ED3338D645B6}"
EndProject
Global
	GlobalSection(SolutionConfigurationPlatforms) = preSolution
		Debug|x64 = Debug|x64
		Debug|x86 = Debug|x86
		Release|x64 = Release|x64
		Release|x86 = Release|x86
	EndGlobalSection
	GlobalSection(ProjectConfigurationPlatforms) = postSolution
		{7F332C8A-3E7C-4CFC-B152-ED3338D645B6}.Debug|x64.ActiveCfg = Debug|x64
		{7F332C8A-3E7C-4CFC-B152-ED3338D645B6}.Debug|x64.Build.0 = Debug|x64
		{7F332C8A-3E7C-4CFC-B152-ED3338D645B6}.Debug|x86.ActiveCfg = Debug|Win32
		{7F332C8A-3E7C-4CFC-B152-ED3338D645B6}.Debug|x86.Build.0 = Debug|Win32
		{7F332C8A-3E7C-4CFC-B152-ED3338D645B6}.Release|x64.ActiveCfg = Release|x64
		{7F332C8A-3E7C-4CFC-B152-ED3338D645B6}.Release|x64.Build.0 = Release|x64
		{7F332C8A-3E7C-4CFC-B152-ED3338D645B6}.Release|x86.ActiveCfg = Release|Win32
		{7F332C8A-3E7C-4CFC-B152-ED3338D645B6}.Release|x86.Build.0 = Release|Win32
	EndGlobalSection
	GlobalSection(SolutionProperties) = preSolution
		HideSolutionNode = FALSE
	EndGlobalSection
	GlobalSection(ExtensibilityGlobals) = postSolution
		SolutionGuid = {34470923-4DA9-413F-87B2-7C04009662AA}
	EndGlobalSection
EndGlobal
